
Microsoft Visual Studio Solution File, Format Version 12.00
# Visual Studio Version 17
VisualStudioVersion = 17.8.34408.163
MinimumVisualStudioVersion = 10.0.40219.1
Project("{2150E333-8FDC-42A3-9474-1A3956D46DE8}") = "Applications", "Applications", "{362ABF2E-2402-44C0-A7EE-A6D389944252}"
EndProject
Project("{2150E333-8FDC-42A3-9474-1A3956D46DE8}") = "Libraries", "Libraries", "{3D855C0B-BE04-4E61-814B-CDAEB61EF25D}"
EndProject
Project("{9A19103F-16F7-4668-BE54-9A1E7A4F7556}") = "SV20T1020078.Web", "SV20T1020078.Web\SV20T1020078.Web.csproj", "{169B3780-B65D-4ABC-9EC7-1FE72050E533}"
EndProject
Project("{9A19103F-16F7-4668-BE54-9A1E7A4F7556}") = "SV20T1020078.BusinessLayers", "SV20T1020078.BusinessLayers\SV20T1020078.BusinessLayers.csproj", "{C9349CBC-685B-43ED-9200-958C2B373775}"
EndProject
Project("{9A19103F-16F7-4668-BE54-9A1E7A4F7556}") = "SV20T1020078.DataLayers", "SV20T1020078.DataLayers\SV20T1020078.DataLayers.csproj", "{1BB95AE5-94C9-483D-AEF6-14F5B281F06B}"
EndProject
Project("{9A19103F-16F7-4668-BE54-9A1E7A4F7556}") = "SV20T1020078.DomainModels", "20T1020078.DomainModels\SV20T1020078.DomainModels.csproj", "{9F50E9BE-FA0A-4274-9A13-5FDC67357B98}"
EndProject
Global
	GlobalSection(SolutionConfigurationPlatforms) = preSolution
		Debug|Any CPU = Debug|Any CPU
		Release|Any CPU = Release|Any CPU
	EndGlobalSection
	GlobalSection(ProjectConfigurationPlatforms) = postSolution
		{169B3780-B65D-4ABC-9EC7-1FE72050E533}.Debug|Any CPU.ActiveCfg = Debug|Any CPU
		{169B3780-B65D-4ABC-9EC7-1FE72050E533}.Debug|Any CPU.Build.0 = Debug|Any CPU
		{169B3780-B65D-4ABC-9EC7-1FE72050E533}.Release|Any CPU.ActiveCfg = Release|Any CPU
		{169B3780-B65D-4ABC-9EC7-1FE72050E533}.Release|Any CPU.Build.0 = Release|Any CPU
		{C9349CBC-685B-43ED-9200-958C2B373775}.Debug|Any CPU.ActiveCfg = Debug|Any CPU
		{C9349CBC-685B-43ED-9200-958C2B373775}.Debug|Any CPU.Build.0 = Debug|Any CPU
		{C9349CBC-685B-43ED-9200-958C2B373775}.Release|Any CPU.ActiveCfg = Release|Any CPU
		{C9349CBC-685B-43ED-9200-958C2B373775}.Release|Any CPU.Build.0 = Release|Any CPU
		{1BB95AE5-94C9-483D-AEF6-14F5B281F06B}.Debug|Any CPU.ActiveCfg = Debug|Any CPU
		{1BB95AE5-94C9-483D-AEF6-14F5B281F06B}.Debug|Any CPU.Build.0 = Debug|Any CPU
		{1BB95AE5-94C9-483D-AEF6-14F5B281F06B}.Release|Any CPU.ActiveCfg = Release|Any CPU
		{1BB95AE5-94C9-483D-AEF6-14F5B281F06B}.Release|Any CPU.Build.0 = Release|Any CPU
		{9F50E9BE-FA0A-4274-9A13-5FDC67357B98}.Debug|Any CPU.ActiveCfg = Debug|Any CPU
		{9F50E9BE-FA0A-4274-9A13-5FDC67357B98}.Debug|Any CPU.Build.0 = Debug|Any CPU
		{9F50E9BE-FA0A-4274-9A13-5FDC67357B98}.Release|Any CPU.ActiveCfg = Release|Any CPU
		{9F50E9BE-FA0A-4274-9A13-5FDC67357B98}.Release|Any CPU.Build.0 = Release|Any CPU
	EndGlobalSection
	GlobalSection(SolutionProperties) = preSolution
		HideSolutionNode = FALSE
	EndGlobalSection
	GlobalSection(NestedProjects) = preSolution
		{169B3780-B65D-4ABC-9EC7-1FE72050E533} = {362ABF2E-2402-44C0-A7EE-A6D389944252}
		{C9349CBC-685B-43ED-9200-958C2B373775} = {3D855C0B-BE04-4E61-814B-CDAEB61EF25D}
		{1BB95AE5-94C9-483D-AEF6-14F5B281F06B} = {3D855C0B-BE04-4E61-814B-CDAEB61EF25D}
		{9F50E9BE-FA0A-4274-9A13-5FDC67357B98} = {3D855C0B-BE04-4E61-814B-CDAEB61EF25D}
	EndGlobalSection
	GlobalSection(ExtensibilityGlobals) = postSolution
		SolutionGuid = {26BA997E-6502-473C-B12E-8CE5DD17584A}
	EndGlobalSection
EndGlobal
